{
  "name": "jango",
  "version": "1.0.0",
  "lockfileVersion": 1,
  "requires": true,
  "dependencies": {
    "blockui": {
      "version": "1.0.0",
      "resolved": "http://registry.npm.taobao.org/blockui/download/blockui-1.0.0.tgz",
      "integrity": "sha1-Uo4mNU+vsb1GGtiMTXTTz4skk/Y="
    },
    "es6-object-assign": {
      "version": "1.1.0",
      "resolved": "http://registry.npm.taobao.org/es6-object-assign/download/es6-object-assign-1.1.0.tgz",
      "integrity": "sha1-wsNYJlYkfDnqEHyx5mUrb58kUjw="
    },
    "promise-polyfill": {
      "version": "6.1.0",
      "resolved": "http://registry.npm.taobao.org/promise-polyfill/download/promise-polyfill-6.1.0.tgz",
      "integrity": "sha1-36lpQ+qcEh/KTem1hoyznTRy4Fc="
    },
    "sweetalert": {
      "version": "2.1.0",
      "resolved": "http://registry.npm.taobao.org/sweetalert/download/sweetalert-2.1.0.tgz",
      "integrity": "sha1-1gXeyEAFj6itSh98LIwZS8csJ/o=",
      "requires": {
        "es6-object-assign": "1.1.0",
        "promise-polyfill": "6.1.0"
      }
    }
  }
}
